{
  "name": "anymodel",
  "version": "2.0.0",
  "lockfileVersion": 3,
  "requires": true,
  "packages": {
    "": {
      "name": "anymodel",
      "version": "2.0.0",
      "license": "MIT",
      "bin": {
        "anymodel": "./cli.mjs"
      },
      "engines": {
        "node": ">=22.0.0"
      }
    }
  }
}
